{
  "pins" : [
    {
      "identity" : "swift-docc-plugin",
      "kind" : "remoteSourceControl",
      "location" : "https://github.com/swiftlang/swift-docc-plugin.git",
      "state" : {
        "revision" : "2eb22993b3dfd0c0d32729b357c8dabb6cd44680",
        "version" : "1.4.2"
      }
    },
    {
      "identity" : "swift-docc-symbolkit",
      "kind" : "remoteSourceControl",
      "location" : "https://github.com/swiftlang/swift-docc-symbolkit",
      "state" : {
        "revision" : "b45d1f2ed151d057b54504d653e0da5552844e34",
        "version" : "1.0.0"
      }
    },
    {
      "identity" : "swift-numeric-protocols",
      "kind" : "remoteSourceControl",
      "location" : "https://github.com/alexandrehsaad/swift-numeric-protocols.git",
      "state" : {
        "revision" : "4afecc884b0430888c88608ee0604a8050fc0c80",
        "version" : "0.2.0"
      }
    }
  ],
  "version" : 2
}
